
Microsoft Visual Studio Solution File, Format Version 12.00
# Visual Studio 14
VisualStudioVersion = 14.0.25420.1
MinimumVisualStudioVersion = 10.0.40219.1
Project("{FAE04EC0-301F-11D3-BF4B-00C04F79EFBC}") = "KmandiliWebService", "KmandiliWebService\KmandiliWebService.csproj", "{CBD0A67C-CD42-4067-9853-6CF1EAE032FF}"
EndProject
Project("{FAE04EC0-301F-11D3-BF4B-00C04F79EFBC}") = "KmandiliDataAccess", "KmandiliDataAccess\KmandiliDataAccess.csproj", "{B643B2E6-E913-49DB-A994-698E85AE3999}"
EndProject
Global
	GlobalSection(SolutionConfigurationPlatforms) = preSolution
		Debug|Any CPU = Debug|Any CPU
		Release|Any CPU = Release|Any CPU
	EndGlobalSection
	GlobalSection(ProjectConfigurationPlatforms) = postSolution
		{CBD0A67C-CD42-4067-9853-6CF1EAE032FF}.Debug|Any CPU.ActiveCfg = Debug|Any CPU
		{CBD0A67C-CD42-4067-9853-6CF1EAE032FF}.Debug|Any CPU.Build.0 = Debug|Any CPU
		{CBD0A67C-CD42-4067-9853-6CF1EAE032FF}.Release|Any CPU.ActiveCfg = Release|Any CPU
		{CBD0A67C-CD42-4067-9853-6CF1EAE032FF}.Release|Any CPU.Build.0 = Release|Any CPU
		{B643B2E6-E913-49DB-A994-698E85AE3999}.Debug|Any CPU.ActiveCfg = Debug|Any CPU
		{B643B2E6-E913-49DB-A994-698E85AE3999}.Debug|Any CPU.Build.0 = Debug|Any CPU
		{B643B2E6-E913-49DB-A994-698E85AE3999}.Release|Any CPU.ActiveCfg = Release|Any CPU
		{B643B2E6-E913-49DB-A994-698E85AE3999}.Release|Any CPU.Build.0 = Release|Any CPU
	EndGlobalSection
	GlobalSection(SolutionProperties) = preSolution
		HideSolutionNode = FALSE
	EndGlobalSection
EndGlobal
